<?xml version="1.0" encoding="utf-8"?>
<Project ToolsVersion="4.0" xmlns="http://schemas.microsoft.com/developer/msbuild/2003">
  <ItemGroup>
    <Filter Include="game">
      <UniqueIdentifier>{9F35977C-8B6C-980D-3459-7E10206F140F}</UniqueIdentifier>
    </Filter>
    <Filter Include="graphics">
      <UniqueIdentifier>{36EF08BC-22BC-63C7-4BD5-516F37019955}</UniqueIdentifier>
    </Filter>
    <Filter Include="maths">
      <UniqueIdentifier>{229BEA0F-8EAF-12C1-5731-B620C3040FF2}</UniqueIdentifier>
    </Filter>
    <Filter Include="utils">
      <UniqueIdentifier>{169C8510-82B0-ADC1-4B32-5121B705AAF2}</UniqueIdentifier>
    </Filter>
  </ItemGroup>
  <ItemGroup>
    <ClInclude Include="src\game\Ball.h">
      <Filter>game</Filter>
    </ClInclude>
    <ClInclude Include="src\game\GameLoop.h">
      <Filter>game</Filter>
    </ClInclude>
    <ClInclude Include="src\graphics\Buffer.h">
      <Filter>graphics</Filter>
    </ClInclude>
    <ClInclude Include="src\graphics\RenderableObject.h">
      <Filter>graphics</Filter>
    </ClInclude>
    <ClInclude Include="src\graphics\Renderer.h">
      <Filter>graphics</Filter>
    </ClInclude>
    <ClInclude Include="src\graphics\Shader.h">
      <Filter>graphics</Filter>
    </ClInclude>
    <ClInclude Include="src\graphics\TextRenderer.h">
      <Filter>graphics</Filter>
    </ClInclude>
    <ClInclude Include="src\graphics\VertexArray.h">
      <Filter>graphics</Filter>
    </ClInclude>
    <ClInclude Include="src\graphics\VertexBufferLayout.h">
      <Filter>graphics</Filter>
    </ClInclude>
    <ClInclude Include="src\graphics\Window.h">
      <Filter>graphics</Filter>
    </ClInclude>
    <ClInclude Include="src\maths\Mat4.h">
      <Filter>maths</Filter>
    </ClInclude>
    <ClInclude Include="src\maths\Maths.h">
      <Filter>maths</Filter>
    </ClInclude>
    <ClInclude Include="src\maths\Vec.h">
      <Filter>maths</Filter>
    </ClInclude>
    <ClInclude Include="src\utils\GLErrorManager.h">
      <Filter>utils</Filter>
    </ClInclude>
  </ItemGroup>
  <ItemGroup>
    <ClCompile Include="src\game\Ball.cpp">
      <Filter>game</Filter>
    </ClCompile>
    <ClCompile Include="src\game\GameLoop.cpp">
      <Filter>game</Filter>
    </ClCompile>
    <ClCompile Include="src\graphics\Buffer.cpp">
      <Filter>graphics</Filter>
    </ClCompile>
    <ClCompile Include="src\graphics\RenderableObject.cpp">
      <Filter>graphics</Filter>
    </ClCompile>
    <ClCompile Include="src\graphics\Renderer.cpp">
      <Filter>graphics</Filter>
    </ClCompile>
    <ClCompile Include="src\graphics\Shader.cpp">
      <Filter>graphics</Filter>
    </ClCompile>
    <ClCompile Include="src\graphics\TextRenderer.cpp">
      <Filter>graphics</Filter>
    </ClCompile>
    <ClCompile Include="src\graphics\VertexArray.cpp">
      <Filter>graphics</Filter>
    </ClCompile>
    <ClCompile Include="src\graphics\Window.cpp">
      <Filter>graphics</Filter>
    </ClCompile>
    <ClCompile Include="src\main.cpp" />
    <ClCompile Include="src\maths\Mat4.cpp">
      <Filter>maths</Filter>
    </ClCompile>
    <ClCompile Include="src\maths\Vec.cpp">
      <Filter>maths</Filter>
    </ClCompile>
  </ItemGroup>
</Project>